
Microsoft Visual Studio Solution File, Format Version 12.00
# Visual Studio Version 17
VisualStudioVersion = 17.9.34607.119
MinimumVisualStudioVersion = 10.0.40219.1
Project("{FAE04EC0-301F-11D3-BF4B-00C04F79EFBC}") = "CrudBlazorProject", "CrudBlazorProject\CrudBlazorProject\CrudBlazorProject.csproj", "{87DD2D65-30B9-4072-8FC8-5AE4B18D0EB7}"
EndProject
Project("{FAE04EC0-301F-11D3-BF4B-00C04F79EFBC}") = "CrudBlazorProject.Client", "CrudBlazorProject\CrudBlazorProject.Client\CrudBlazorProject.Client.csproj", "{61B0D7FB-2452-4915-999E-F6FE276D7479}"
EndProject
Project("{FAE04EC0-301F-11D3-BF4B-00C04F79EFBC}") = "CrudBlazorProject.Shared", "CrudBlazorProject.Shared\CrudBlazorProject.Shared.csproj", "{C96790B5-964F-4682-A278-9AA1A5E59F38}"
EndProject
Project("{FAE04EC0-301F-11D3-BF4B-00C04F79EFBC}") = "TestConsole", "TestConsole\TestConsole.csproj", "{38818AC2-304B-465F-B100-7420FAF23EA2}"
EndProject
Global
	GlobalSection(SolutionConfigurationPlatforms) = preSolution
		Debug|Any CPU = Debug|Any CPU
		Release|Any CPU = Release|Any CPU
	EndGlobalSection
	GlobalSection(ProjectConfigurationPlatforms) = postSolution
		{87DD2D65-30B9-4072-8FC8-5AE4B18D0EB7}.Debug|Any CPU.ActiveCfg = Debug|Any CPU
		{87DD2D65-30B9-4072-8FC8-5AE4B18D0EB7}.Debug|Any CPU.Build.0 = Debug|Any CPU
		{87DD2D65-30B9-4072-8FC8-5AE4B18D0EB7}.Release|Any CPU.ActiveCfg = Release|Any CPU
		{87DD2D65-30B9-4072-8FC8-5AE4B18D0EB7}.Release|Any CPU.Build.0 = Release|Any CPU
		{61B0D7FB-2452-4915-999E-F6FE276D7479}.Debug|Any CPU.ActiveCfg = Debug|Any CPU
		{61B0D7FB-2452-4915-999E-F6FE276D7479}.Debug|Any CPU.Build.0 = Debug|Any CPU
		{61B0D7FB-2452-4915-999E-F6FE276D7479}.Release|Any CPU.ActiveCfg = Release|Any CPU
		{61B0D7FB-2452-4915-999E-F6FE276D7479}.Release|Any CPU.Build.0 = Release|Any CPU
		{C96790B5-964F-4682-A278-9AA1A5E59F38}.Debug|Any CPU.ActiveCfg = Debug|Any CPU
		{C96790B5-964F-4682-A278-9AA1A5E59F38}.Debug|Any CPU.Build.0 = Debug|Any CPU
		{C96790B5-964F-4682-A278-9AA1A5E59F38}.Release|Any CPU.ActiveCfg = Release|Any CPU
		{C96790B5-964F-4682-A278-9AA1A5E59F38}.Release|Any CPU.Build.0 = Release|Any CPU
		{38818AC2-304B-465F-B100-7420FAF23EA2}.Debug|Any CPU.ActiveCfg = Debug|Any CPU
		{38818AC2-304B-465F-B100-7420FAF23EA2}.Debug|Any CPU.Build.0 = Debug|Any CPU
		{38818AC2-304B-465F-B100-7420FAF23EA2}.Release|Any CPU.ActiveCfg = Release|Any CPU
		{38818AC2-304B-465F-B100-7420FAF23EA2}.Release|Any CPU.Build.0 = Release|Any CPU
	EndGlobalSection
	GlobalSection(SolutionProperties) = preSolution
		HideSolutionNode = FALSE
	EndGlobalSection
	GlobalSection(ExtensibilityGlobals) = postSolution
		SolutionGuid = {D7ECDEF3-BF5B-4ACF-B77B-316E61C982BA}
	EndGlobalSection
EndGlobal
